
Microsoft Visual Studio Solution File, Format Version 12.00
# Visual Studio Version 17
VisualStudioVersion = 17.4.33103.184
MinimumVisualStudioVersion = 10.0.40219.1
Project("{9A19103F-16F7-4668-BE54-9A1E7A4F7556}") = "SaludGeneral", "SaludGeneral\SaludGeneral.csproj", "{CF780ACC-F9BB-40FA-B9BD-D311E69C35BF}"
EndProject
Project("{FAE04EC0-301F-11D3-BF4B-00C04F79EFBC}") = "Entidades", "Entidades\Entidades.csproj", "{BFA4A3FD-730F-4BC7-9A98-93A6C8622817}"
EndProject
Project("{FAE04EC0-301F-11D3-BF4B-00C04F79EFBC}") = "Negocio", "Negocio\Negocio.csproj", "{EA36386A-7C02-48E1-B4B3-BE586C19D95C}"
EndProject
Project("{FAE04EC0-301F-11D3-BF4B-00C04F79EFBC}") = "Repositorio", "Repositorio\Repositorio.csproj", "{7BD0FA3D-452E-4EBA-A07A-F7EFBF33E3B4}"
EndProject
Global
	GlobalSection(SolutionConfigurationPlatforms) = preSolution
		Debug|Any CPU = Debug|Any CPU
		Release|Any CPU = Release|Any CPU
	EndGlobalSection
	GlobalSection(ProjectConfigurationPlatforms) = postSolution
		{CF780ACC-F9BB-40FA-B9BD-D311E69C35BF}.Debug|Any CPU.ActiveCfg = Debug|Any CPU
		{CF780ACC-F9BB-40FA-B9BD-D311E69C35BF}.Debug|Any CPU.Build.0 = Debug|Any CPU
		{CF780ACC-F9BB-40FA-B9BD-D311E69C35BF}.Release|Any CPU.ActiveCfg = Release|Any CPU
		{CF780ACC-F9BB-40FA-B9BD-D311E69C35BF}.Release|Any CPU.Build.0 = Release|Any CPU
		{BFA4A3FD-730F-4BC7-9A98-93A6C8622817}.Debug|Any CPU.ActiveCfg = Debug|Any CPU
		{BFA4A3FD-730F-4BC7-9A98-93A6C8622817}.Debug|Any CPU.Build.0 = Debug|Any CPU
		{BFA4A3FD-730F-4BC7-9A98-93A6C8622817}.Release|Any CPU.ActiveCfg = Release|Any CPU
		{BFA4A3FD-730F-4BC7-9A98-93A6C8622817}.Release|Any CPU.Build.0 = Release|Any CPU
		{EA36386A-7C02-48E1-B4B3-BE586C19D95C}.Debug|Any CPU.ActiveCfg = Debug|Any CPU
		{EA36386A-7C02-48E1-B4B3-BE586C19D95C}.Debug|Any CPU.Build.0 = Debug|Any CPU
		{EA36386A-7C02-48E1-B4B3-BE586C19D95C}.Release|Any CPU.ActiveCfg = Release|Any CPU
		{EA36386A-7C02-48E1-B4B3-BE586C19D95C}.Release|Any CPU.Build.0 = Release|Any CPU
		{7BD0FA3D-452E-4EBA-A07A-F7EFBF33E3B4}.Debug|Any CPU.ActiveCfg = Debug|Any CPU
		{7BD0FA3D-452E-4EBA-A07A-F7EFBF33E3B4}.Debug|Any CPU.Build.0 = Debug|Any CPU
		{7BD0FA3D-452E-4EBA-A07A-F7EFBF33E3B4}.Release|Any CPU.ActiveCfg = Release|Any CPU
		{7BD0FA3D-452E-4EBA-A07A-F7EFBF33E3B4}.Release|Any CPU.Build.0 = Release|Any CPU
	EndGlobalSection
	GlobalSection(SolutionProperties) = preSolution
		HideSolutionNode = FALSE
	EndGlobalSection
	GlobalSection(ExtensibilityGlobals) = postSolution
		SolutionGuid = {A72C3CDC-9487-4A73-9CAF-61756BE86A75}
	EndGlobalSection
EndGlobal
